
Microsoft Visual Studio Solution File, Format Version 12.00
# Visual Studio Version 17
VisualStudioVersion = 17.6.33829.357
MinimumVisualStudioVersion = 10.0.40219.1
Project("{9A19103F-16F7-4668-BE54-9A1E7A4F7556}") = "PruebaColaboradores", "PruebaColaboradores.csproj", "{97297BE0-B642-47EC-BF0B-9526D84021EC}"
EndProject
Global
	GlobalSection(SolutionConfigurationPlatforms) = preSolution
		Debug|Any CPU = Debug|Any CPU
		Release|Any CPU = Release|Any CPU
	EndGlobalSection
	GlobalSection(ProjectConfigurationPlatforms) = postSolution
		{97297BE0-B642-47EC-BF0B-9526D84021EC}.Debug|Any CPU.ActiveCfg = Debug|Any CPU
		{97297BE0-B642-47EC-BF0B-9526D84021EC}.Debug|Any CPU.Build.0 = Debug|Any CPU
		{97297BE0-B642-47EC-BF0B-9526D84021EC}.Release|Any CPU.ActiveCfg = Release|Any CPU
		{97297BE0-B642-47EC-BF0B-9526D84021EC}.Release|Any CPU.Build.0 = Release|Any CPU
	EndGlobalSection
	GlobalSection(SolutionProperties) = preSolution
		HideSolutionNode = FALSE
	EndGlobalSection
	GlobalSection(ExtensibilityGlobals) = postSolution
		SolutionGuid = {D2AC4147-E935-4F06-872D-F5270D60A351}
	EndGlobalSection
EndGlobal
